
Microsoft Visual Studio Solution File, Format Version 12.00
# Visual Studio Version 17
VisualStudioVersion = 17.5.33516.290
MinimumVisualStudioVersion = 10.0.40219.1
Project("{2150E333-8FDC-42A3-9474-1A3956D46DE8}") = "src", "src", "{332DAD93-C16B-4760-81DC-39A4F7A6ECB2}"
EndProject
Project("{9A19103F-16F7-4668-BE54-9A1E7A4F7556}") = "Pororoca.Domain", "src\Pororoca.Domain\Pororoca.Domain.csproj", "{C0A7ACBE-FA4B-4609-9754-A1416E79DFD0}"
EndProject
Project("{9A19103F-16F7-4668-BE54-9A1E7A4F7556}") = "Pororoca.Infrastructure", "src\Pororoca.Infrastructure\Pororoca.Infrastructure.csproj", "{E40EB98B-7F03-4ECD-A969-A5EFB63649D9}"
EndProject
Project("{2150E333-8FDC-42A3-9474-1A3956D46DE8}") = "tests", "tests", "{0B5C94C5-E2E0-4BD4-A93C-E2AE91A325FA}"
EndProject
Project("{9A19103F-16F7-4668-BE54-9A1E7A4F7556}") = "Pororoca.Domain.Tests", "tests\Pororoca.Domain.Tests\Pororoca.Domain.Tests.csproj", "{C35E9A36-47C1-43B9-A109-4CD6C5189E7C}"
EndProject
Project("{9A19103F-16F7-4668-BE54-9A1E7A4F7556}") = "Pororoca.Desktop", "src\Pororoca.Desktop\Pororoca.Desktop.csproj", "{7C6F40A9-8559-4DA2-B4E6-986CC90AC1E9}"
EndProject
Project("{9A19103F-16F7-4668-BE54-9A1E7A4F7556}") = "Pororoca.TestServer", "tests\Pororoca.TestServer\Pororoca.TestServer.csproj", "{390FD9D8-0747-4B39-B192-ECCE4F05DBC5}"
EndProject
Project("{9A19103F-16F7-4668-BE54-9A1E7A4F7556}") = "Pororoca.Test", "src\Pororoca.Test\Pororoca.Test.csproj", "{4CEA2473-DF87-40FF-81D0-4748A1718E18}"
EndProject
Project("{9A19103F-16F7-4668-BE54-9A1E7A4F7556}") = "Pororoca.Desktop.Localization.SourceGeneration", "src\Pororoca.Desktop.Localization.SourceGeneration\Pororoca.Desktop.Localization.SourceGeneration.csproj", "{5A1F7684-1B29-4F4D-86E1-E86C5B9D0B13}"
EndProject
Project("{9A19103F-16F7-4668-BE54-9A1E7A4F7556}") = "Pororoca.Test.Tests", "tests\Pororoca.Test.Tests\Pororoca.Test.Tests.csproj", "{A786219B-2B41-448A-8B02-8A86285EF215}"
EndProject
Project("{FAE04EC0-301F-11D3-BF4B-00C04F79EFBC}") = "Pororoca.Domain.OpenAPI", "src\Pororoca.Domain.OpenAPI\Pororoca.Domain.OpenAPI.csproj", "{4563CC55-150B-44E0-BEA0-49689DB9A010}"
EndProject
Global
	GlobalSection(SolutionConfigurationPlatforms) = preSolution
		Debug|Any CPU = Debug|Any CPU
		Release|Any CPU = Release|Any CPU
	EndGlobalSection
	GlobalSection(ProjectConfigurationPlatforms) = postSolution
		{C0A7ACBE-FA4B-4609-9754-A1416E79DFD0}.Debug|Any CPU.ActiveCfg = Debug|Any CPU
		{C0A7ACBE-FA4B-4609-9754-A1416E79DFD0}.Debug|Any CPU.Build.0 = Debug|Any CPU
		{C0A7ACBE-FA4B-4609-9754-A1416E79DFD0}.Release|Any CPU.ActiveCfg = Release|Any CPU
		{C0A7ACBE-FA4B-4609-9754-A1416E79DFD0}.Release|Any CPU.Build.0 = Release|Any CPU
		{E40EB98B-7F03-4ECD-A969-A5EFB63649D9}.Debug|Any CPU.ActiveCfg = Debug|Any CPU
		{E40EB98B-7F03-4ECD-A969-A5EFB63649D9}.Debug|Any CPU.Build.0 = Debug|Any CPU
		{E40EB98B-7F03-4ECD-A969-A5EFB63649D9}.Release|Any CPU.ActiveCfg = Release|Any CPU
		{E40EB98B-7F03-4ECD-A969-A5EFB63649D9}.Release|Any CPU.Build.0 = Release|Any CPU
		{C35E9A36-47C1-43B9-A109-4CD6C5189E7C}.Debug|Any CPU.ActiveCfg = Debug|Any CPU
		{C35E9A36-47C1-43B9-A109-4CD6C5189E7C}.Debug|Any CPU.Build.0 = Debug|Any CPU
		{C35E9A36-47C1-43B9-A109-4CD6C5189E7C}.Release|Any CPU.ActiveCfg = Release|Any CPU
		{C35E9A36-47C1-43B9-A109-4CD6C5189E7C}.Release|Any CPU.Build.0 = Release|Any CPU
		{7C6F40A9-8559-4DA2-B4E6-986CC90AC1E9}.Debug|Any CPU.ActiveCfg = Debug|Any CPU
		{7C6F40A9-8559-4DA2-B4E6-986CC90AC1E9}.Debug|Any CPU.Build.0 = Debug|Any CPU
		{7C6F40A9-8559-4DA2-B4E6-986CC90AC1E9}.Release|Any CPU.ActiveCfg = Release|Any CPU
		{7C6F40A9-8559-4DA2-B4E6-986CC90AC1E9}.Release|Any CPU.Build.0 = Release|Any CPU
		{390FD9D8-0747-4B39-B192-ECCE4F05DBC5}.Debug|Any CPU.ActiveCfg = Debug|Any CPU
		{390FD9D8-0747-4B39-B192-ECCE4F05DBC5}.Debug|Any CPU.Build.0 = Debug|Any CPU
		{390FD9D8-0747-4B39-B192-ECCE4F05DBC5}.Release|Any CPU.ActiveCfg = Release|Any CPU
		{390FD9D8-0747-4B39-B192-ECCE4F05DBC5}.Release|Any CPU.Build.0 = Release|Any CPU
		{4CEA2473-DF87-40FF-81D0-4748A1718E18}.Debug|Any CPU.ActiveCfg = Debug|Any CPU
		{4CEA2473-DF87-40FF-81D0-4748A1718E18}.Debug|Any CPU.Build.0 = Debug|Any CPU
		{4CEA2473-DF87-40FF-81D0-4748A1718E18}.Release|Any CPU.ActiveCfg = Release|Any CPU
		{4CEA2473-DF87-40FF-81D0-4748A1718E18}.Release|Any CPU.Build.0 = Release|Any CPU
		{5A1F7684-1B29-4F4D-86E1-E86C5B9D0B13}.Debug|Any CPU.ActiveCfg = Debug|Any CPU
		{5A1F7684-1B29-4F4D-86E1-E86C5B9D0B13}.Debug|Any CPU.Build.0 = Debug|Any CPU
		{5A1F7684-1B29-4F4D-86E1-E86C5B9D0B13}.Release|Any CPU.ActiveCfg = Release|Any CPU
		{5A1F7684-1B29-4F4D-86E1-E86C5B9D0B13}.Release|Any CPU.Build.0 = Release|Any CPU
		{A786219B-2B41-448A-8B02-8A86285EF215}.Debug|Any CPU.ActiveCfg = Debug|Any CPU
		{A786219B-2B41-448A-8B02-8A86285EF215}.Debug|Any CPU.Build.0 = Debug|Any CPU
		{A786219B-2B41-448A-8B02-8A86285EF215}.Release|Any CPU.ActiveCfg = Release|Any CPU
		{A786219B-2B41-448A-8B02-8A86285EF215}.Release|Any CPU.Build.0 = Release|Any CPU
		{4563CC55-150B-44E0-BEA0-49689DB9A010}.Debug|Any CPU.ActiveCfg = Debug|Any CPU
		{4563CC55-150B-44E0-BEA0-49689DB9A010}.Debug|Any CPU.Build.0 = Debug|Any CPU
		{4563CC55-150B-44E0-BEA0-49689DB9A010}.Release|Any CPU.ActiveCfg = Release|Any CPU
		{4563CC55-150B-44E0-BEA0-49689DB9A010}.Release|Any CPU.Build.0 = Release|Any CPU
	EndGlobalSection
	GlobalSection(SolutionProperties) = preSolution
		HideSolutionNode = FALSE
	EndGlobalSection
	GlobalSection(NestedProjects) = preSolution
		{C0A7ACBE-FA4B-4609-9754-A1416E79DFD0} = {332DAD93-C16B-4760-81DC-39A4F7A6ECB2}
		{E40EB98B-7F03-4ECD-A969-A5EFB63649D9} = {332DAD93-C16B-4760-81DC-39A4F7A6ECB2}
		{C35E9A36-47C1-43B9-A109-4CD6C5189E7C} = {0B5C94C5-E2E0-4BD4-A93C-E2AE91A325FA}
		{7C6F40A9-8559-4DA2-B4E6-986CC90AC1E9} = {332DAD93-C16B-4760-81DC-39A4F7A6ECB2}
		{390FD9D8-0747-4B39-B192-ECCE4F05DBC5} = {0B5C94C5-E2E0-4BD4-A93C-E2AE91A325FA}
		{4CEA2473-DF87-40FF-81D0-4748A1718E18} = {332DAD93-C16B-4760-81DC-39A4F7A6ECB2}
		{5A1F7684-1B29-4F4D-86E1-E86C5B9D0B13} = {332DAD93-C16B-4760-81DC-39A4F7A6ECB2}
		{A786219B-2B41-448A-8B02-8A86285EF215} = {0B5C94C5-E2E0-4BD4-A93C-E2AE91A325FA}
		{4563CC55-150B-44E0-BEA0-49689DB9A010} = {332DAD93-C16B-4760-81DC-39A4F7A6ECB2}
	EndGlobalSection
	GlobalSection(ExtensibilityGlobals) = postSolution
		SolutionGuid = {453D438F-F214-410A-BDAC-CE5BDB40F0EF}
	EndGlobalSection
EndGlobal
